
Microsoft Visual Studio Solution File, Format Version 12.00
# Visual Studio Version 17
VisualStudioVersion = 17.12.35707.178 d17.12
MinimumVisualStudioVersion = 10.0.40219.1
Project("{FAE04EC0-301F-11D3-BF4B-00C04F79EFBC}") = "3-31", "3-31.csproj", "{D933F90E-6D4A-4EBC-9EEF-9C8AD808FDD4}"
EndProject
Global
	GlobalSection(SolutionConfigurationPlatforms) = preSolution
		Debug|Any CPU = Debug|Any CPU
		Release|Any CPU = Release|Any CPU
	EndGlobalSection
	GlobalSection(ProjectConfigurationPlatforms) = postSolution
		{D933F90E-6D4A-4EBC-9EEF-9C8AD808FDD4}.Debug|Any CPU.ActiveCfg = Debug|Any CPU
		{D933F90E-6D4A-4EBC-9EEF-9C8AD808FDD4}.Debug|Any CPU.Build.0 = Debug|Any CPU
		{D933F90E-6D4A-4EBC-9EEF-9C8AD808FDD4}.Release|Any CPU.ActiveCfg = Release|Any CPU
		{D933F90E-6D4A-4EBC-9EEF-9C8AD808FDD4}.Release|Any CPU.Build.0 = Release|Any CPU
	EndGlobalSection
	GlobalSection(SolutionProperties) = preSolution
		HideSolutionNode = FALSE
	EndGlobalSection
EndGlobal
